{
  "lockfileVersion": 1,
  "configVersion": 1,
  "workspaces": {
    "": {
      "dependencies": {
        "csv-parser": "^3.2.1",
        "dotenv": "^17.4.2",
        "openai": "^6.47.0",
        "pocketbase": "^0.27.0",
        "toml": "^5.0.0",
      },
    },
  },
  "packages": {
    "csv-parser": ["csv-parser@3.2.1", "", { "bin": { "csv-parser": "bin/csv-parser" } }, "sha512-v8RPMSglouR9od735SnwSxLBbCJqEPSbgm1R5qfr8yIiMUCEFjox56kRZid0SvgHJEkxeIEu3+a9QS3YRh7CuA=="],

    "dotenv": ["dotenv@17.4.2", "", {}, "sha512-nI4U3TottKAcAD9LLud4Cb7b2QztQMUEfHbvhTH09bqXTxnSie8WnjPALV/WMCrJZ6UV/qHJ6L03OqO3LcdYZw=="],

    "openai": ["openai@6.47.0", "", { "peerDependencies": { "@aws-sdk/credential-provider-node": ">=3.972.0 <4", "@smithy/hash-node": ">=4.3.0 <5", "@smithy/signature-v4": ">=5.4.0 <6", "ws": "^8.18.0", "zod": "^3.25 || ^4.0" }, "optionalPeers": ["@aws-sdk/credential-provider-node", "@smithy/hash-node", "@smithy/signature-v4", "ws", "zod"] }, "sha512-xYr+R9woSzWxVxeiqkkNbHhv89tZDEI6eBMbrdPnv3poh+mijHvbhS35a+3o6xHa411/ns8j5ENY3So9DCXWYw=="],

    "pocketbase": ["pocketbase@0.27.0", "", {}, "sha512-K5N6d93UP/BNMbMnlZ6BUfy9VPCIvLyqhJFOsNI8OsZwzvKWEAfyD36boi5K4ECIOl5HMlo0TzuaeGdKpMwizQ=="],

    "toml": ["toml@5.0.0", "", {}, "sha512-bsqEd+g7fzlrw7LEynQ6W6aOK/lTOlepz5x1sJyIV9fTZVJS2Q76nuju6FK+gZhW5bUpvB7mCEqdR0u4WziMFw=="],
  }
}
